
Microsoft Visual Studio Solution File, Format Version 12.00
# Visual Studio 15
VisualStudioVersion = 15.0.26430.13
MinimumVisualStudioVersion = 10.0.40219.1
Project("{FAE04EC0-301F-11D3-BF4B-00C04F79EFBC}") = "ShippingCostCalculator", "ShippingCostCalculator\ShippingCostCalculator.csproj", "{FD99D728-F453-49F6-8CE0-8ABA9B4EC432}"
EndProject
Project("{FAE04EC0-301F-11D3-BF4B-00C04F79EFBC}") = "ShippingCostCalculatorTests", "ShippingCostCalculatorTests\ShippingCostCalculatorTests.csproj", "{0D537011-1744-4102-B026-C073ADA4AC96}"
EndProject
Global
	GlobalSection(SolutionConfigurationPlatforms) = preSolution
		Debug|Any CPU = Debug|Any CPU
		Release|Any CPU = Release|Any CPU
	EndGlobalSection
	GlobalSection(ProjectConfigurationPlatforms) = postSolution
		{FD99D728-F453-49F6-8CE0-8ABA9B4EC432}.Debug|Any CPU.ActiveCfg = Debug|Any CPU
		{FD99D728-F453-49F6-8CE0-8ABA9B4EC432}.Debug|Any CPU.Build.0 = Debug|Any CPU
		{FD99D728-F453-49F6-8CE0-8ABA9B4EC432}.Release|Any CPU.ActiveCfg = Release|Any CPU
		{FD99D728-F453-49F6-8CE0-8ABA9B4EC432}.Release|Any CPU.Build.0 = Release|Any CPU
		{0D537011-1744-4102-B026-C073ADA4AC96}.Debug|Any CPU.ActiveCfg = Debug|Any CPU
		{0D537011-1744-4102-B026-C073ADA4AC96}.Debug|Any CPU.Build.0 = Debug|Any CPU
		{0D537011-1744-4102-B026-C073ADA4AC96}.Release|Any CPU.ActiveCfg = Release|Any CPU
		{0D537011-1744-4102-B026-C073ADA4AC96}.Release|Any CPU.Build.0 = Release|Any CPU
	EndGlobalSection
	GlobalSection(SolutionProperties) = preSolution
		HideSolutionNode = FALSE
	EndGlobalSection
EndGlobal
